
Microsoft Visual Studio Solution File, Format Version 12.00
# Visual Studio Version 16
VisualStudioVersion = 16.0.29709.97
MinimumVisualStudioVersion = 10.0.40219.1
Project("{FAE04EC0-301F-11D3-BF4B-00C04F79EFBC}") = "BSPLumpExtract", "BSPLumpExtract\BSPLumpExtract.csproj", "{03604374-9DD5-4465-9FB4-667A642BE60C}"
EndProject
Project("{2150E333-8FDC-42A3-9474-1A3956D46DE8}") = "Solution Items", "Solution Items", "{351BCD72-96A3-47E7-B008-9E142156C66E}"
	ProjectSection(SolutionItems) = preProject
		.gitignore = .gitignore
	EndProjectSection
EndProject
Project("{FAE04EC0-301F-11D3-BF4B-00C04F79EFBC}") = "BSPUtils", "BSPUtils\BSPUtils.csproj", "{C210F474-F762-4BD9-8045-15CC064E305F}"
EndProject
Project("{FAE04EC0-301F-11D3-BF4B-00C04F79EFBC}") = "BSPLumpCompare", "BSPLumpCompare\BSPLumpCompare.csproj", "{C95C7460-4575-4AF2-8572-4CA15919D652}"
EndProject
Project("{FAE04EC0-301F-11D3-BF4B-00C04F79EFBC}") = "BSPPak", "BSPPak\BSPPak.csproj", "{6AD27C06-F8AB-4544-B89D-BB7B4C48356A}"
EndProject
Global
	GlobalSection(SolutionConfigurationPlatforms) = preSolution
		Debug|Any CPU = Debug|Any CPU
		Release|Any CPU = Release|Any CPU
	EndGlobalSection
	GlobalSection(ProjectConfigurationPlatforms) = postSolution
		{03604374-9DD5-4465-9FB4-667A642BE60C}.Debug|Any CPU.ActiveCfg = Debug|Any CPU
		{03604374-9DD5-4465-9FB4-667A642BE60C}.Debug|Any CPU.Build.0 = Debug|Any CPU
		{03604374-9DD5-4465-9FB4-667A642BE60C}.Release|Any CPU.ActiveCfg = Release|Any CPU
		{03604374-9DD5-4465-9FB4-667A642BE60C}.Release|Any CPU.Build.0 = Release|Any CPU
		{C210F474-F762-4BD9-8045-15CC064E305F}.Debug|Any CPU.ActiveCfg = Debug|Any CPU
		{C210F474-F762-4BD9-8045-15CC064E305F}.Debug|Any CPU.Build.0 = Debug|Any CPU
		{C210F474-F762-4BD9-8045-15CC064E305F}.Release|Any CPU.ActiveCfg = Release|Any CPU
		{C210F474-F762-4BD9-8045-15CC064E305F}.Release|Any CPU.Build.0 = Release|Any CPU
		{C95C7460-4575-4AF2-8572-4CA15919D652}.Debug|Any CPU.ActiveCfg = Debug|Any CPU
		{C95C7460-4575-4AF2-8572-4CA15919D652}.Debug|Any CPU.Build.0 = Debug|Any CPU
		{C95C7460-4575-4AF2-8572-4CA15919D652}.Release|Any CPU.ActiveCfg = Release|Any CPU
		{C95C7460-4575-4AF2-8572-4CA15919D652}.Release|Any CPU.Build.0 = Release|Any CPU
		{6AD27C06-F8AB-4544-B89D-BB7B4C48356A}.Debug|Any CPU.ActiveCfg = Debug|Any CPU
		{6AD27C06-F8AB-4544-B89D-BB7B4C48356A}.Debug|Any CPU.Build.0 = Debug|Any CPU
		{6AD27C06-F8AB-4544-B89D-BB7B4C48356A}.Release|Any CPU.ActiveCfg = Release|Any CPU
		{6AD27C06-F8AB-4544-B89D-BB7B4C48356A}.Release|Any CPU.Build.0 = Release|Any CPU
	EndGlobalSection
	GlobalSection(SolutionProperties) = preSolution
		HideSolutionNode = FALSE
	EndGlobalSection
	GlobalSection(ExtensibilityGlobals) = postSolution
		SolutionGuid = {040C0168-7C70-475E-8A4F-12156C3F1388}
	EndGlobalSection
EndGlobal
